
Microsoft Visual Studio Solution File, Format Version 12.00
# Visual Studio 14
VisualStudioVersion = 14.0.25420.1
MinimumVisualStudioVersion = 10.0.40219.1
Project("{FAE04EC0-301F-11D3-BF4B-00C04F79EFBC}") = "Takenet.MessagingHub.Client", "Takenet.MessagingHub.Client\Takenet.MessagingHub.Client.csproj", "{628F8EE4-956A-49CE-B9D6-BD5F6800FE6F}"
EndProject
Project("{FAE04EC0-301F-11D3-BF4B-00C04F79EFBC}") = "Takenet.MessagingHub.Client.Test", "Takenet.MessagingHub.Client.Test\Takenet.MessagingHub.Client.Test.csproj", "{29853B17-4DFC-4617-B84A-C532F88667B5}"
EndProject
Project("{2150E333-8FDC-42A3-9474-1A3956D46DE8}") = "Solution Items", "Solution Items", "{91B1773F-C4C1-4E2D-8AE4-AF33D05B6166}"
	ProjectSection(SolutionItems) = preProject
		..\Readme.md = ..\Readme.md
	EndProjectSection
EndProject
Project("{FAE04EC0-301F-11D3-BF4B-00C04F79EFBC}") = "Takenet.MessagingHub.Client.Textc", "Takenet.MessagingHub.Client.Textc\Takenet.MessagingHub.Client.Textc.csproj", "{1492F9E8-EAA1-42AB-9AC7-0F0B711FB343}"
EndProject
Project("{FAE04EC0-301F-11D3-BF4B-00C04F79EFBC}") = "Takenet.MessagingHub.Client.Textc.Test", "Takenet.MessagingHub.Client.Textc.Test\Takenet.MessagingHub.Client.Textc.Test.csproj", "{B2C7C0CF-62DC-4EE3-A7C3-56112AA54A07}"
EndProject
Project("{FAE04EC0-301F-11D3-BF4B-00C04F79EFBC}") = "Takenet.MessagingHub.Client.Host", "Takenet.MessagingHub.Client.Host\Takenet.MessagingHub.Client.Host.csproj", "{288513C0-FCD1-47B0-9C98-00B34CE99B63}"
EndProject
Project("{FAE04EC0-301F-11D3-BF4B-00C04F79EFBC}") = "Takenet.MessagingHub.Client.AcceptanceTests", "Takenet.MessagingHub.Client.AcceptanceTests\Takenet.MessagingHub.Client.AcceptanceTests.csproj", "{0E084BA2-10CC-4E60-9446-9FEA9B607A94}"
EndProject
Project("{FAE04EC0-301F-11D3-BF4B-00C04F79EFBC}") = "Takenet.MessagingHub.Client.Host.Test", "Takenet.MessagingHub.Client.Host.Test\Takenet.MessagingHub.Client.Host.Test.csproj", "{25E76FB7-BA36-4C3D-B180-69D84D4072BE}"
EndProject
Project("{2150E333-8FDC-42A3-9474-1A3956D46DE8}") = "Tests", "Tests", "{E328C70F-41C8-4CF5-ADFC-01DA7D793A08}"
EndProject
Project("{FAE04EC0-301F-11D3-BF4B-00C04F79EFBC}") = "Takenet.MessagingHub.Client.Template", "Takenet.MessagingHub.Client.Template\Takenet.MessagingHub.Client.Template.csproj", "{A0D7C8F1-F807-4D00-BC5D-0A9E819E003C}"
EndProject
Project("{2150E333-8FDC-42A3-9474-1A3956D46DE8}") = "Samples", "Samples", "{C5A11983-81F4-4CA2-83DE-B3618D9A499C}"
EndProject
Project("{FAE04EC0-301F-11D3-BF4B-00C04F79EFBC}") = "Buscape", "Samples\Buscape\Buscape.csproj", "{AAB1ECEA-F8D3-4A23-8495-5C5C55C7D7B5}"
EndProject
Project("{FAE04EC0-301F-11D3-BF4B-00C04F79EFBC}") = "Echo", "Samples\Echo\Echo.csproj", "{3A9FDE75-7089-4591-A57F-8825EC131A1D}"
EndProject
Project("{FAE04EC0-301F-11D3-BF4B-00C04F79EFBC}") = "ImageSearch", "Samples\ImageSearch\ImageSearch.csproj", "{86220E54-00C1-4755-ACAB-0A7016270B01}"
EndProject
Project("{FAE04EC0-301F-11D3-BF4B-00C04F79EFBC}") = "RssContact", "Samples\RssContact\RssContact.csproj", "{47F0B136-AC27-4223-8ED1-43E4D2083037}"
EndProject
Project("{2150E333-8FDC-42A3-9474-1A3956D46DE8}") = "docs", "docs", "{75215B69-A755-40E3-8A7D-196327DCF157}"
EndProject
Project("{2150E333-8FDC-42A3-9474-1A3956D46DE8}") = "en", "en", "{E05D6622-4FF1-4498-B2D1-7982E27A331B}"
	ProjectSection(SolutionItems) = preProject
		..\docs\en\1-introduction.md = ..\docs\en\1-introduction.md
		..\docs\en\2-hosting.md = ..\docs\en\2-hosting.md
		..\docs\en\3-messages.md = ..\docs\en\3-messages.md
		..\docs\en\4-notifications.md = ..\docs\en\4-notifications.md
		..\docs\en\5-commands.md = ..\docs\en\5-commands.md
	EndProjectSection
EndProject
Project("{2150E333-8FDC-42A3-9474-1A3956D46DE8}") = "pt", "pt", "{1963AB75-FD6A-4776-9CF6-FCF7CD344E8D}"
	ProjectSection(SolutionItems) = preProject
		..\docs\pt\1-introduction.md = ..\docs\pt\1-introduction.md
		..\docs\pt\2-hosting.md = ..\docs\pt\2-hosting.md
		..\docs\pt\3-messages.md = ..\docs\pt\3-messages.md
		..\docs\pt\4-notifications.md = ..\docs\pt\4-notifications.md
		..\docs\pt\5-commands.md = ..\docs\pt\5-commands.md
	EndProjectSection
EndProject
Project("{FAE04EC0-301F-11D3-BF4B-00C04F79EFBC}") = "Switcher", "Samples\Switcher\Switcher.csproj", "{31174433-9470-45BE-A370-357A8B9BD8FD}"
EndProject
Project("{FAE04EC0-301F-11D3-BF4B-00C04F79EFBC}") = "Takenet.MessagingHub.Client.Tester", "Takenet.MessagingHub.Client.Tester\Takenet.MessagingHub.Client.Tester.csproj", "{F62D83C4-B65A-4961-8054-342A1F1DB9C2}"
EndProject
Project("{FAE04EC0-301F-11D3-BF4B-00C04F79EFBC}") = "MessageTypes", "Samples\MessageTypes\MessageTypes.csproj", "{AE832298-1FB0-47C5-9018-5457F088D016}"
EndProject
Project("{FAE04EC0-301F-11D3-BF4B-00C04F79EFBC}") = "Navigation", "Samples\Navigation\Navigation.csproj", "{73FDE559-E93F-4584-9AAA-6755718E0CE7}"
EndProject
Project("{FAE04EC0-301F-11D3-BF4B-00C04F79EFBC}") = "BingImageSearch", "Samples\BingImageSearch\BingImageSearch.csproj", "{33049C01-E17A-4153-882E-19482E75BF11}"
EndProject
Project("{FAE04EC0-301F-11D3-BF4B-00C04F79EFBC}") = "Takenet.MessagingHub.Client.WebHost", "Takenet.MessagingHub.Client.WebHost\Takenet.MessagingHub.Client.WebHost.csproj", "{5ED33BDE-A2BA-480B-B487-C5C896DA726E}"
EndProject
Project("{FAE04EC0-301F-11D3-BF4B-00C04F79EFBC}") = "Takenet.MessagingHub.Client.WebhookTemplate", "Takenet.MessagingHub.Client.WebhookTemplate\Takenet.MessagingHub.Client.WebhookTemplate.csproj", "{02ECD27B-7A12-4097-8DD4-CEA83B0D064E}"
EndProject
Global
	GlobalSection(SolutionConfigurationPlatforms) = preSolution
		Debug|Any CPU = Debug|Any CPU
		Production|Any CPU = Production|Any CPU
		Release|Any CPU = Release|Any CPU
	EndGlobalSection
	GlobalSection(ProjectConfigurationPlatforms) = postSolution
		{628F8EE4-956A-49CE-B9D6-BD5F6800FE6F}.Debug|Any CPU.ActiveCfg = Debug|Any CPU
		{628F8EE4-956A-49CE-B9D6-BD5F6800FE6F}.Debug|Any CPU.Build.0 = Debug|Any CPU
		{628F8EE4-956A-49CE-B9D6-BD5F6800FE6F}.Production|Any CPU.ActiveCfg = Release|Any CPU
		{628F8EE4-956A-49CE-B9D6-BD5F6800FE6F}.Production|Any CPU.Build.0 = Release|Any CPU
		{628F8EE4-956A-49CE-B9D6-BD5F6800FE6F}.Release|Any CPU.ActiveCfg = Release|Any CPU
		{628F8EE4-956A-49CE-B9D6-BD5F6800FE6F}.Release|Any CPU.Build.0 = Release|Any CPU
		{29853B17-4DFC-4617-B84A-C532F88667B5}.Debug|Any CPU.ActiveCfg = Debug|Any CPU
		{29853B17-4DFC-4617-B84A-C532F88667B5}.Debug|Any CPU.Build.0 = Debug|Any CPU
		{29853B17-4DFC-4617-B84A-C532F88667B5}.Production|Any CPU.ActiveCfg = Release|Any CPU
		{29853B17-4DFC-4617-B84A-C532F88667B5}.Production|Any CPU.Build.0 = Release|Any CPU
		{29853B17-4DFC-4617-B84A-C532F88667B5}.Release|Any CPU.ActiveCfg = Release|Any CPU
		{29853B17-4DFC-4617-B84A-C532F88667B5}.Release|Any CPU.Build.0 = Release|Any CPU
		{1492F9E8-EAA1-42AB-9AC7-0F0B711FB343}.Debug|Any CPU.ActiveCfg = Debug|Any CPU
		{1492F9E8-EAA1-42AB-9AC7-0F0B711FB343}.Debug|Any CPU.Build.0 = Debug|Any CPU
		{1492F9E8-EAA1-42AB-9AC7-0F0B711FB343}.Production|Any CPU.ActiveCfg = Release|Any CPU
		{1492F9E8-EAA1-42AB-9AC7-0F0B711FB343}.Production|Any CPU.Build.0 = Release|Any CPU
		{1492F9E8-EAA1-42AB-9AC7-0F0B711FB343}.Release|Any CPU.ActiveCfg = Release|Any CPU
		{1492F9E8-EAA1-42AB-9AC7-0F0B711FB343}.Release|Any CPU.Build.0 = Release|Any CPU
		{B2C7C0CF-62DC-4EE3-A7C3-56112AA54A07}.Debug|Any CPU.ActiveCfg = Debug|Any CPU
		{B2C7C0CF-62DC-4EE3-A7C3-56112AA54A07}.Debug|Any CPU.Build.0 = Debug|Any CPU
		{B2C7C0CF-62DC-4EE3-A7C3-56112AA54A07}.Production|Any CPU.ActiveCfg = Release|Any CPU
		{B2C7C0CF-62DC-4EE3-A7C3-56112AA54A07}.Production|Any CPU.Build.0 = Release|Any CPU
		{B2C7C0CF-62DC-4EE3-A7C3-56112AA54A07}.Release|Any CPU.ActiveCfg = Release|Any CPU
		{B2C7C0CF-62DC-4EE3-A7C3-56112AA54A07}.Release|Any CPU.Build.0 = Release|Any CPU
		{288513C0-FCD1-47B0-9C98-00B34CE99B63}.Debug|Any CPU.ActiveCfg = Debug|Any CPU
		{288513C0-FCD1-47B0-9C98-00B34CE99B63}.Debug|Any CPU.Build.0 = Debug|Any CPU
		{288513C0-FCD1-47B0-9C98-00B34CE99B63}.Production|Any CPU.ActiveCfg = Release|Any CPU
		{288513C0-FCD1-47B0-9C98-00B34CE99B63}.Production|Any CPU.Build.0 = Release|Any CPU
		{288513C0-FCD1-47B0-9C98-00B34CE99B63}.Release|Any CPU.ActiveCfg = Release|Any CPU
		{288513C0-FCD1-47B0-9C98-00B34CE99B63}.Release|Any CPU.Build.0 = Release|Any CPU
		{0E084BA2-10CC-4E60-9446-9FEA9B607A94}.Debug|Any CPU.ActiveCfg = Debug|Any CPU
		{0E084BA2-10CC-4E60-9446-9FEA9B607A94}.Debug|Any CPU.Build.0 = Debug|Any CPU
		{0E084BA2-10CC-4E60-9446-9FEA9B607A94}.Production|Any CPU.ActiveCfg = Release|Any CPU
		{0E084BA2-10CC-4E60-9446-9FEA9B607A94}.Production|Any CPU.Build.0 = Release|Any CPU
		{0E084BA2-10CC-4E60-9446-9FEA9B607A94}.Release|Any CPU.ActiveCfg = Release|Any CPU
		{0E084BA2-10CC-4E60-9446-9FEA9B607A94}.Release|Any CPU.Build.0 = Release|Any CPU
		{25E76FB7-BA36-4C3D-B180-69D84D4072BE}.Debug|Any CPU.ActiveCfg = Debug|Any CPU
		{25E76FB7-BA36-4C3D-B180-69D84D4072BE}.Debug|Any CPU.Build.0 = Debug|Any CPU
		{25E76FB7-BA36-4C3D-B180-69D84D4072BE}.Production|Any CPU.ActiveCfg = Release|Any CPU
		{25E76FB7-BA36-4C3D-B180-69D84D4072BE}.Production|Any CPU.Build.0 = Release|Any CPU
		{25E76FB7-BA36-4C3D-B180-69D84D4072BE}.Release|Any CPU.ActiveCfg = Release|Any CPU
		{25E76FB7-BA36-4C3D-B180-69D84D4072BE}.Release|Any CPU.Build.0 = Release|Any CPU
		{A0D7C8F1-F807-4D00-BC5D-0A9E819E003C}.Debug|Any CPU.ActiveCfg = Debug|Any CPU
		{A0D7C8F1-F807-4D00-BC5D-0A9E819E003C}.Debug|Any CPU.Build.0 = Debug|Any CPU
		{A0D7C8F1-F807-4D00-BC5D-0A9E819E003C}.Production|Any CPU.ActiveCfg = Release|Any CPU
		{A0D7C8F1-F807-4D00-BC5D-0A9E819E003C}.Production|Any CPU.Build.0 = Release|Any CPU
		{A0D7C8F1-F807-4D00-BC5D-0A9E819E003C}.Release|Any CPU.ActiveCfg = Release|Any CPU
		{A0D7C8F1-F807-4D00-BC5D-0A9E819E003C}.Release|Any CPU.Build.0 = Release|Any CPU
		{AAB1ECEA-F8D3-4A23-8495-5C5C55C7D7B5}.Debug|Any CPU.ActiveCfg = Debug|Any CPU
		{AAB1ECEA-F8D3-4A23-8495-5C5C55C7D7B5}.Debug|Any CPU.Build.0 = Debug|Any CPU
		{AAB1ECEA-F8D3-4A23-8495-5C5C55C7D7B5}.Production|Any CPU.ActiveCfg = Release|Any CPU
		{AAB1ECEA-F8D3-4A23-8495-5C5C55C7D7B5}.Production|Any CPU.Build.0 = Release|Any CPU
		{AAB1ECEA-F8D3-4A23-8495-5C5C55C7D7B5}.Release|Any CPU.ActiveCfg = Release|Any CPU
		{AAB1ECEA-F8D3-4A23-8495-5C5C55C7D7B5}.Release|Any CPU.Build.0 = Release|Any CPU
		{3A9FDE75-7089-4591-A57F-8825EC131A1D}.Debug|Any CPU.ActiveCfg = Debug|Any CPU
		{3A9FDE75-7089-4591-A57F-8825EC131A1D}.Debug|Any CPU.Build.0 = Debug|Any CPU
		{3A9FDE75-7089-4591-A57F-8825EC131A1D}.Production|Any CPU.ActiveCfg = Release|Any CPU
		{3A9FDE75-7089-4591-A57F-8825EC131A1D}.Production|Any CPU.Build.0 = Release|Any CPU
		{3A9FDE75-7089-4591-A57F-8825EC131A1D}.Release|Any CPU.ActiveCfg = Release|Any CPU
		{3A9FDE75-7089-4591-A57F-8825EC131A1D}.Release|Any CPU.Build.0 = Release|Any CPU
		{86220E54-00C1-4755-ACAB-0A7016270B01}.Debug|Any CPU.ActiveCfg = Debug|Any CPU
		{86220E54-00C1-4755-ACAB-0A7016270B01}.Debug|Any CPU.Build.0 = Debug|Any CPU
		{86220E54-00C1-4755-ACAB-0A7016270B01}.Production|Any CPU.ActiveCfg = Release|Any CPU
		{86220E54-00C1-4755-ACAB-0A7016270B01}.Production|Any CPU.Build.0 = Release|Any CPU
		{86220E54-00C1-4755-ACAB-0A7016270B01}.Release|Any CPU.ActiveCfg = Release|Any CPU
		{86220E54-00C1-4755-ACAB-0A7016270B01}.Release|Any CPU.Build.0 = Release|Any CPU
		{47F0B136-AC27-4223-8ED1-43E4D2083037}.Debug|Any CPU.ActiveCfg = Debug|Any CPU
		{47F0B136-AC27-4223-8ED1-43E4D2083037}.Debug|Any CPU.Build.0 = Debug|Any CPU
		{47F0B136-AC27-4223-8ED1-43E4D2083037}.Production|Any CPU.ActiveCfg = Release|Any CPU
		{47F0B136-AC27-4223-8ED1-43E4D2083037}.Production|Any CPU.Build.0 = Release|Any CPU
		{47F0B136-AC27-4223-8ED1-43E4D2083037}.Release|Any CPU.ActiveCfg = Release|Any CPU
		{47F0B136-AC27-4223-8ED1-43E4D2083037}.Release|Any CPU.Build.0 = Release|Any CPU
		{31174433-9470-45BE-A370-357A8B9BD8FD}.Debug|Any CPU.ActiveCfg = Debug|Any CPU
		{31174433-9470-45BE-A370-357A8B9BD8FD}.Debug|Any CPU.Build.0 = Debug|Any CPU
		{31174433-9470-45BE-A370-357A8B9BD8FD}.Production|Any CPU.ActiveCfg = Release|Any CPU
		{31174433-9470-45BE-A370-357A8B9BD8FD}.Production|Any CPU.Build.0 = Release|Any CPU
		{31174433-9470-45BE-A370-357A8B9BD8FD}.Release|Any CPU.ActiveCfg = Release|Any CPU
		{31174433-9470-45BE-A370-357A8B9BD8FD}.Release|Any CPU.Build.0 = Release|Any CPU
		{F62D83C4-B65A-4961-8054-342A1F1DB9C2}.Debug|Any CPU.ActiveCfg = Debug|Any CPU
		{F62D83C4-B65A-4961-8054-342A1F1DB9C2}.Debug|Any CPU.Build.0 = Debug|Any CPU
		{F62D83C4-B65A-4961-8054-342A1F1DB9C2}.Production|Any CPU.ActiveCfg = Release|Any CPU
		{F62D83C4-B65A-4961-8054-342A1F1DB9C2}.Production|Any CPU.Build.0 = Release|Any CPU
		{F62D83C4-B65A-4961-8054-342A1F1DB9C2}.Release|Any CPU.ActiveCfg = Release|Any CPU
		{F62D83C4-B65A-4961-8054-342A1F1DB9C2}.Release|Any CPU.Build.0 = Release|Any CPU
		{AE832298-1FB0-47C5-9018-5457F088D016}.Debug|Any CPU.ActiveCfg = Debug|Any CPU
		{AE832298-1FB0-47C5-9018-5457F088D016}.Debug|Any CPU.Build.0 = Debug|Any CPU
		{AE832298-1FB0-47C5-9018-5457F088D016}.Production|Any CPU.ActiveCfg = Release|Any CPU
		{AE832298-1FB0-47C5-9018-5457F088D016}.Production|Any CPU.Build.0 = Release|Any CPU
		{AE832298-1FB0-47C5-9018-5457F088D016}.Release|Any CPU.ActiveCfg = Release|Any CPU
		{AE832298-1FB0-47C5-9018-5457F088D016}.Release|Any CPU.Build.0 = Release|Any CPU
		{73FDE559-E93F-4584-9AAA-6755718E0CE7}.Debug|Any CPU.ActiveCfg = Debug|Any CPU
		{73FDE559-E93F-4584-9AAA-6755718E0CE7}.Debug|Any CPU.Build.0 = Debug|Any CPU
		{73FDE559-E93F-4584-9AAA-6755718E0CE7}.Production|Any CPU.ActiveCfg = Release|Any CPU
		{73FDE559-E93F-4584-9AAA-6755718E0CE7}.Production|Any CPU.Build.0 = Release|Any CPU
		{73FDE559-E93F-4584-9AAA-6755718E0CE7}.Release|Any CPU.ActiveCfg = Release|Any CPU
		{73FDE559-E93F-4584-9AAA-6755718E0CE7}.Release|Any CPU.Build.0 = Release|Any CPU
		{33049C01-E17A-4153-882E-19482E75BF11}.Debug|Any CPU.ActiveCfg = Debug|Any CPU
		{33049C01-E17A-4153-882E-19482E75BF11}.Debug|Any CPU.Build.0 = Debug|Any CPU
		{33049C01-E17A-4153-882E-19482E75BF11}.Production|Any CPU.ActiveCfg = Release|Any CPU
		{33049C01-E17A-4153-882E-19482E75BF11}.Production|Any CPU.Build.0 = Release|Any CPU
		{33049C01-E17A-4153-882E-19482E75BF11}.Release|Any CPU.ActiveCfg = Release|Any CPU
		{33049C01-E17A-4153-882E-19482E75BF11}.Release|Any CPU.Build.0 = Release|Any CPU
		{5ED33BDE-A2BA-480B-B487-C5C896DA726E}.Debug|Any CPU.ActiveCfg = Debug|Any CPU
		{5ED33BDE-A2BA-480B-B487-C5C896DA726E}.Debug|Any CPU.Build.0 = Debug|Any CPU
		{5ED33BDE-A2BA-480B-B487-C5C896DA726E}.Production|Any CPU.ActiveCfg = Release|Any CPU
		{5ED33BDE-A2BA-480B-B487-C5C896DA726E}.Production|Any CPU.Build.0 = Release|Any CPU
		{5ED33BDE-A2BA-480B-B487-C5C896DA726E}.Release|Any CPU.ActiveCfg = Release|Any CPU
		{5ED33BDE-A2BA-480B-B487-C5C896DA726E}.Release|Any CPU.Build.0 = Release|Any CPU
		{02ECD27B-7A12-4097-8DD4-CEA83B0D064E}.Debug|Any CPU.ActiveCfg = Debug|Any CPU
		{02ECD27B-7A12-4097-8DD4-CEA83B0D064E}.Debug|Any CPU.Build.0 = Debug|Any CPU
		{02ECD27B-7A12-4097-8DD4-CEA83B0D064E}.Production|Any CPU.ActiveCfg = Release|Any CPU
		{02ECD27B-7A12-4097-8DD4-CEA83B0D064E}.Production|Any CPU.Build.0 = Release|Any CPU
		{02ECD27B-7A12-4097-8DD4-CEA83B0D064E}.Release|Any CPU.ActiveCfg = Release|Any CPU
		{02ECD27B-7A12-4097-8DD4-CEA83B0D064E}.Release|Any CPU.Build.0 = Release|Any CPU
	EndGlobalSection
	GlobalSection(SolutionProperties) = preSolution
		HideSolutionNode = FALSE
	EndGlobalSection
	GlobalSection(NestedProjects) = preSolution
		{29853B17-4DFC-4617-B84A-C532F88667B5} = {E328C70F-41C8-4CF5-ADFC-01DA7D793A08}
		{B2C7C0CF-62DC-4EE3-A7C3-56112AA54A07} = {E328C70F-41C8-4CF5-ADFC-01DA7D793A08}
		{0E084BA2-10CC-4E60-9446-9FEA9B607A94} = {E328C70F-41C8-4CF5-ADFC-01DA7D793A08}
		{25E76FB7-BA36-4C3D-B180-69D84D4072BE} = {E328C70F-41C8-4CF5-ADFC-01DA7D793A08}
		{AAB1ECEA-F8D3-4A23-8495-5C5C55C7D7B5} = {C5A11983-81F4-4CA2-83DE-B3618D9A499C}
		{3A9FDE75-7089-4591-A57F-8825EC131A1D} = {C5A11983-81F4-4CA2-83DE-B3618D9A499C}
		{86220E54-00C1-4755-ACAB-0A7016270B01} = {C5A11983-81F4-4CA2-83DE-B3618D9A499C}
		{47F0B136-AC27-4223-8ED1-43E4D2083037} = {C5A11983-81F4-4CA2-83DE-B3618D9A499C}
		{75215B69-A755-40E3-8A7D-196327DCF157} = {91B1773F-C4C1-4E2D-8AE4-AF33D05B6166}
		{E05D6622-4FF1-4498-B2D1-7982E27A331B} = {75215B69-A755-40E3-8A7D-196327DCF157}
		{1963AB75-FD6A-4776-9CF6-FCF7CD344E8D} = {75215B69-A755-40E3-8A7D-196327DCF157}
		{31174433-9470-45BE-A370-357A8B9BD8FD} = {C5A11983-81F4-4CA2-83DE-B3618D9A499C}
		{AE832298-1FB0-47C5-9018-5457F088D016} = {C5A11983-81F4-4CA2-83DE-B3618D9A499C}
		{73FDE559-E93F-4584-9AAA-6755718E0CE7} = {C5A11983-81F4-4CA2-83DE-B3618D9A499C}
		{33049C01-E17A-4153-882E-19482E75BF11} = {C5A11983-81F4-4CA2-83DE-B3618D9A499C}
	EndGlobalSection
EndGlobal
