
Microsoft Visual Studio Solution File, Format Version 12.00
# Visual Studio 14
VisualStudioVersion = 14.0.24720.0
MinimumVisualStudioVersion = 10.0.40219.1
Project("{2150E333-8FDC-42A3-9474-1A3956D46DE8}") = "Solution Items", "Solution Items", "{91B1773F-C4C1-4E2D-8AE4-AF33D05B6166}"
	ProjectSection(SolutionItems) = preProject
		..\Readme.md = ..\Readme.md
	EndProjectSection
EndProject
Project("{FAE04EC0-301F-11D3-BF4B-00C04F79EFBC}") = "Template", "Template\Template.csproj", "{40E759E2-1C30-4F6C-8548-02BB0A8917C0}"
EndProject
Project("{FAE04EC0-301F-11D3-BF4B-00C04F79EFBC}") = "GettingStarted", "GettingStarted\GettingStarted.csproj", "{C5FCEBDF-1F93-4A8E-8BE0-494B00D49665}"
EndProject
Project("{FAE04EC0-301F-11D3-BF4B-00C04F79EFBC}") = "ImageSearch", "Samples\ImageSearch\ImageSearch.csproj", "{86220E54-00C1-4755-ACAB-0A7016270B01}"
EndProject
Project("{FAE04EC0-301F-11D3-BF4B-00C04F79EFBC}") = "Buscape", "Samples\Buscape\Buscape.csproj", "{AAB1ECEA-F8D3-4A23-8495-5C5C55C7D7B5}"
EndProject
Project("{2150E333-8FDC-42A3-9474-1A3956D46DE8}") = "Samples", "Samples", "{2CF6A1B9-BCBD-4749-97D9-08DD8E650A80}"
EndProject
Project("{FAE04EC0-301F-11D3-BF4B-00C04F79EFBC}") = "Chat", "Samples\Chat\Chat.csproj", "{3C9160B2-315C-4787-BA3F-8D4E5A378228}"
EndProject
Project("{FAE04EC0-301F-11D3-BF4B-00C04F79EFBC}") = "RssContact", "Samples\RssContact\RssContact.csproj", "{47F0B136-AC27-4223-8ED1-43E4D2083037}"
EndProject
Project("{FAE04EC0-301F-11D3-BF4B-00C04F79EFBC}") = "Translator", "Samples\Translator\Translator.csproj", "{15CBE898-930A-41A8-A985-B982DFE48827}"
EndProject
Project("{FAE04EC0-301F-11D3-BF4B-00C04F79EFBC}") = "Reminder", "Samples\Reminder\Reminder.csproj", "{320DB5D6-983A-4A8C-812D-C60734793625}"
EndProject
Global
	GlobalSection(SolutionConfigurationPlatforms) = preSolution
		Debug|Any CPU = Debug|Any CPU
		Release|Any CPU = Release|Any CPU
	EndGlobalSection
	GlobalSection(ProjectConfigurationPlatforms) = postSolution
		{40E759E2-1C30-4F6C-8548-02BB0A8917C0}.Debug|Any CPU.ActiveCfg = Debug|Any CPU
		{40E759E2-1C30-4F6C-8548-02BB0A8917C0}.Debug|Any CPU.Build.0 = Debug|Any CPU
		{40E759E2-1C30-4F6C-8548-02BB0A8917C0}.Release|Any CPU.ActiveCfg = Release|Any CPU
		{40E759E2-1C30-4F6C-8548-02BB0A8917C0}.Release|Any CPU.Build.0 = Release|Any CPU
		{C5FCEBDF-1F93-4A8E-8BE0-494B00D49665}.Debug|Any CPU.ActiveCfg = Debug|Any CPU
		{C5FCEBDF-1F93-4A8E-8BE0-494B00D49665}.Debug|Any CPU.Build.0 = Debug|Any CPU
		{C5FCEBDF-1F93-4A8E-8BE0-494B00D49665}.Release|Any CPU.ActiveCfg = Release|Any CPU
		{C5FCEBDF-1F93-4A8E-8BE0-494B00D49665}.Release|Any CPU.Build.0 = Release|Any CPU
		{86220E54-00C1-4755-ACAB-0A7016270B01}.Debug|Any CPU.ActiveCfg = Debug|Any CPU
		{86220E54-00C1-4755-ACAB-0A7016270B01}.Debug|Any CPU.Build.0 = Debug|Any CPU
		{86220E54-00C1-4755-ACAB-0A7016270B01}.Release|Any CPU.ActiveCfg = Release|Any CPU
		{86220E54-00C1-4755-ACAB-0A7016270B01}.Release|Any CPU.Build.0 = Release|Any CPU
		{AAB1ECEA-F8D3-4A23-8495-5C5C55C7D7B5}.Debug|Any CPU.ActiveCfg = Debug|Any CPU
		{AAB1ECEA-F8D3-4A23-8495-5C5C55C7D7B5}.Debug|Any CPU.Build.0 = Debug|Any CPU
		{AAB1ECEA-F8D3-4A23-8495-5C5C55C7D7B5}.Release|Any CPU.ActiveCfg = Release|Any CPU
		{AAB1ECEA-F8D3-4A23-8495-5C5C55C7D7B5}.Release|Any CPU.Build.0 = Release|Any CPU
		{3C9160B2-315C-4787-BA3F-8D4E5A378228}.Debug|Any CPU.ActiveCfg = Debug|Any CPU
		{3C9160B2-315C-4787-BA3F-8D4E5A378228}.Debug|Any CPU.Build.0 = Debug|Any CPU
		{3C9160B2-315C-4787-BA3F-8D4E5A378228}.Release|Any CPU.ActiveCfg = Release|Any CPU
		{3C9160B2-315C-4787-BA3F-8D4E5A378228}.Release|Any CPU.Build.0 = Release|Any CPU
		{47F0B136-AC27-4223-8ED1-43E4D2083037}.Debug|Any CPU.ActiveCfg = Debug|Any CPU
		{47F0B136-AC27-4223-8ED1-43E4D2083037}.Debug|Any CPU.Build.0 = Debug|Any CPU
		{47F0B136-AC27-4223-8ED1-43E4D2083037}.Release|Any CPU.ActiveCfg = Release|Any CPU
		{47F0B136-AC27-4223-8ED1-43E4D2083037}.Release|Any CPU.Build.0 = Release|Any CPU
		{15CBE898-930A-41A8-A985-B982DFE48827}.Debug|Any CPU.ActiveCfg = Debug|Any CPU
		{15CBE898-930A-41A8-A985-B982DFE48827}.Debug|Any CPU.Build.0 = Debug|Any CPU
		{15CBE898-930A-41A8-A985-B982DFE48827}.Release|Any CPU.ActiveCfg = Release|Any CPU
		{15CBE898-930A-41A8-A985-B982DFE48827}.Release|Any CPU.Build.0 = Release|Any CPU
		{320DB5D6-983A-4A8C-812D-C60734793625}.Debug|Any CPU.ActiveCfg = Debug|Any CPU
		{320DB5D6-983A-4A8C-812D-C60734793625}.Debug|Any CPU.Build.0 = Debug|Any CPU
		{320DB5D6-983A-4A8C-812D-C60734793625}.Release|Any CPU.ActiveCfg = Release|Any CPU
		{320DB5D6-983A-4A8C-812D-C60734793625}.Release|Any CPU.Build.0 = Release|Any CPU
	EndGlobalSection
	GlobalSection(SolutionProperties) = preSolution
		HideSolutionNode = FALSE
	EndGlobalSection
	GlobalSection(NestedProjects) = preSolution
		{86220E54-00C1-4755-ACAB-0A7016270B01} = {2CF6A1B9-BCBD-4749-97D9-08DD8E650A80}
		{AAB1ECEA-F8D3-4A23-8495-5C5C55C7D7B5} = {2CF6A1B9-BCBD-4749-97D9-08DD8E650A80}
		{3C9160B2-315C-4787-BA3F-8D4E5A378228} = {2CF6A1B9-BCBD-4749-97D9-08DD8E650A80}
		{47F0B136-AC27-4223-8ED1-43E4D2083037} = {2CF6A1B9-BCBD-4749-97D9-08DD8E650A80}
		{15CBE898-930A-41A8-A985-B982DFE48827} = {2CF6A1B9-BCBD-4749-97D9-08DD8E650A80}
	EndGlobalSection
EndGlobal
