
Microsoft Visual Studio Solution File, Format Version 12.00
# Visual Studio 14
VisualStudioVersion = 14.0.25123.0
MinimumVisualStudioVersion = 10.0.40219.1
Project("{FAE04EC0-301F-11D3-BF4B-00C04F79EFBC}") = "Takenet.MessagingHub.Client", "Takenet.MessagingHub.Client\Takenet.MessagingHub.Client.csproj", "{628F8EE4-956A-49CE-B9D6-BD5F6800FE6F}"
EndProject
Project("{FAE04EC0-301F-11D3-BF4B-00C04F79EFBC}") = "Takenet.MessagingHub.Client.Test", "Takenet.MessagingHub.Client.Test\Takenet.MessagingHub.Client.Test.csproj", "{29853B17-4DFC-4617-B84A-C532F88667B5}"
EndProject
Project("{2150E333-8FDC-42A3-9474-1A3956D46DE8}") = "Solution Items", "Solution Items", "{91B1773F-C4C1-4E2D-8AE4-AF33D05B6166}"
	ProjectSection(SolutionItems) = preProject
		..\Readme.md = ..\Readme.md
	EndProjectSection
EndProject
Project("{FAE04EC0-301F-11D3-BF4B-00C04F79EFBC}") = "Takenet.MessagingHub.Client.Textc", "Takenet.MessagingHub.Client.Textc\Takenet.MessagingHub.Client.Textc.csproj", "{1492F9E8-EAA1-42AB-9AC7-0F0B711FB343}"
EndProject
Project("{FAE04EC0-301F-11D3-BF4B-00C04F79EFBC}") = "Playground", "Playground\Playground.csproj", "{056825AC-0EFC-4F2F-A1B4-AF8A721C1609}"
EndProject
Project("{FAE04EC0-301F-11D3-BF4B-00C04F79EFBC}") = "Takenet.MessagingHub.Client.Textc.Test", "Takenet.MessagingHub.Client.Textc.Test\Takenet.MessagingHub.Client.Textc.Test.csproj", "{B2C7C0CF-62DC-4EE3-A7C3-56112AA54A07}"
EndProject
Project("{2150E333-8FDC-42A3-9474-1A3956D46DE8}") = "HostTemplates", "HostTemplates", "{E596DCFC-0A27-47AA-9FAA-44C06BEC7382}"
EndProject
Project("{FAE04EC0-301F-11D3-BF4B-00C04F79EFBC}") = "Takenet.MessagingHub.Client.Host", "Takenet.MessagingHub.Client.Host\Takenet.MessagingHub.Client.Host.csproj", "{288513C0-FCD1-47B0-9C98-00B34CE99B63}"
EndProject
Project("{FAE04EC0-301F-11D3-BF4B-00C04F79EFBC}") = "Takenet.MessagingHub.Client.ConsoleHostTemplate", "HostTemplates\Takenet.MessagingHub.Client.ConsoleHostTemplate\Takenet.MessagingHub.Client.ConsoleHostTemplate.csproj", "{726EC1F8-3E62-4BA3-B362-823C692AA2A2}"
EndProject
Project("{FAE04EC0-301F-11D3-BF4B-00C04F79EFBC}") = "Takenet.MessagingHub.Client.HostTemplate", "HostTemplates\Takenet.MessagingHub.Client.HostTemplate\Takenet.MessagingHub.Client.HostTemplate.csproj", "{A0D7C8F1-F807-4D00-BC5D-0A9E819E003C}"
EndProject
Project("{FAE04EC0-301F-11D3-BF4B-00C04F79EFBC}") = "Takenet.MessagingHub.Client.AcceptanceTests", "Takenet.MessagingHub.Client.AcceptanceTests\Takenet.MessagingHub.Client.AcceptanceTests.csproj", "{0E084BA2-10CC-4E60-9446-9FEA9B607A94}"
EndProject
Project("{FAE04EC0-301F-11D3-BF4B-00C04F79EFBC}") = "Takenet.MessagingHub.Documents", "Takenet.MessagingHub.Documents\Takenet.MessagingHub.Documents.csproj", "{3A9E5070-5D06-4CE4-A4DC-FB79037F9ECB}"
EndProject
Global
	GlobalSection(SolutionConfigurationPlatforms) = preSolution
		Debug|Any CPU = Debug|Any CPU
		Release|Any CPU = Release|Any CPU
	EndGlobalSection
	GlobalSection(ProjectConfigurationPlatforms) = postSolution
		{628F8EE4-956A-49CE-B9D6-BD5F6800FE6F}.Debug|Any CPU.ActiveCfg = Debug|Any CPU
		{628F8EE4-956A-49CE-B9D6-BD5F6800FE6F}.Debug|Any CPU.Build.0 = Debug|Any CPU
		{628F8EE4-956A-49CE-B9D6-BD5F6800FE6F}.Release|Any CPU.ActiveCfg = Release|Any CPU
		{628F8EE4-956A-49CE-B9D6-BD5F6800FE6F}.Release|Any CPU.Build.0 = Release|Any CPU
		{29853B17-4DFC-4617-B84A-C532F88667B5}.Debug|Any CPU.ActiveCfg = Debug|Any CPU
		{29853B17-4DFC-4617-B84A-C532F88667B5}.Debug|Any CPU.Build.0 = Debug|Any CPU
		{29853B17-4DFC-4617-B84A-C532F88667B5}.Release|Any CPU.ActiveCfg = Release|Any CPU
		{29853B17-4DFC-4617-B84A-C532F88667B5}.Release|Any CPU.Build.0 = Release|Any CPU
		{1492F9E8-EAA1-42AB-9AC7-0F0B711FB343}.Debug|Any CPU.ActiveCfg = Debug|Any CPU
		{1492F9E8-EAA1-42AB-9AC7-0F0B711FB343}.Debug|Any CPU.Build.0 = Debug|Any CPU
		{1492F9E8-EAA1-42AB-9AC7-0F0B711FB343}.Release|Any CPU.ActiveCfg = Release|Any CPU
		{1492F9E8-EAA1-42AB-9AC7-0F0B711FB343}.Release|Any CPU.Build.0 = Release|Any CPU
		{056825AC-0EFC-4F2F-A1B4-AF8A721C1609}.Debug|Any CPU.ActiveCfg = Debug|Any CPU
		{056825AC-0EFC-4F2F-A1B4-AF8A721C1609}.Debug|Any CPU.Build.0 = Debug|Any CPU
		{056825AC-0EFC-4F2F-A1B4-AF8A721C1609}.Release|Any CPU.ActiveCfg = Release|Any CPU
		{056825AC-0EFC-4F2F-A1B4-AF8A721C1609}.Release|Any CPU.Build.0 = Release|Any CPU
		{B2C7C0CF-62DC-4EE3-A7C3-56112AA54A07}.Debug|Any CPU.ActiveCfg = Debug|Any CPU
		{B2C7C0CF-62DC-4EE3-A7C3-56112AA54A07}.Debug|Any CPU.Build.0 = Debug|Any CPU
		{B2C7C0CF-62DC-4EE3-A7C3-56112AA54A07}.Release|Any CPU.ActiveCfg = Release|Any CPU
		{B2C7C0CF-62DC-4EE3-A7C3-56112AA54A07}.Release|Any CPU.Build.0 = Release|Any CPU
		{288513C0-FCD1-47B0-9C98-00B34CE99B63}.Debug|Any CPU.ActiveCfg = Debug|Any CPU
		{288513C0-FCD1-47B0-9C98-00B34CE99B63}.Debug|Any CPU.Build.0 = Debug|Any CPU
		{288513C0-FCD1-47B0-9C98-00B34CE99B63}.Release|Any CPU.ActiveCfg = Release|Any CPU
		{288513C0-FCD1-47B0-9C98-00B34CE99B63}.Release|Any CPU.Build.0 = Release|Any CPU
		{726EC1F8-3E62-4BA3-B362-823C692AA2A2}.Debug|Any CPU.ActiveCfg = Debug|Any CPU
		{726EC1F8-3E62-4BA3-B362-823C692AA2A2}.Debug|Any CPU.Build.0 = Debug|Any CPU
		{726EC1F8-3E62-4BA3-B362-823C692AA2A2}.Release|Any CPU.ActiveCfg = Release|Any CPU
		{726EC1F8-3E62-4BA3-B362-823C692AA2A2}.Release|Any CPU.Build.0 = Release|Any CPU
		{A0D7C8F1-F807-4D00-BC5D-0A9E819E003C}.Debug|Any CPU.ActiveCfg = Debug|Any CPU
		{A0D7C8F1-F807-4D00-BC5D-0A9E819E003C}.Debug|Any CPU.Build.0 = Debug|Any CPU
		{A0D7C8F1-F807-4D00-BC5D-0A9E819E003C}.Release|Any CPU.ActiveCfg = Release|Any CPU
		{A0D7C8F1-F807-4D00-BC5D-0A9E819E003C}.Release|Any CPU.Build.0 = Release|Any CPU
		{0E084BA2-10CC-4E60-9446-9FEA9B607A94}.Debug|Any CPU.ActiveCfg = Debug|Any CPU
		{0E084BA2-10CC-4E60-9446-9FEA9B607A94}.Debug|Any CPU.Build.0 = Debug|Any CPU
		{0E084BA2-10CC-4E60-9446-9FEA9B607A94}.Release|Any CPU.ActiveCfg = Release|Any CPU
		{0E084BA2-10CC-4E60-9446-9FEA9B607A94}.Release|Any CPU.Build.0 = Release|Any CPU
		{3A9E5070-5D06-4CE4-A4DC-FB79037F9ECB}.Debug|Any CPU.ActiveCfg = Debug|Any CPU
		{3A9E5070-5D06-4CE4-A4DC-FB79037F9ECB}.Debug|Any CPU.Build.0 = Debug|Any CPU
		{3A9E5070-5D06-4CE4-A4DC-FB79037F9ECB}.Release|Any CPU.ActiveCfg = Release|Any CPU
		{3A9E5070-5D06-4CE4-A4DC-FB79037F9ECB}.Release|Any CPU.Build.0 = Release|Any CPU
	EndGlobalSection
	GlobalSection(SolutionProperties) = preSolution
		HideSolutionNode = FALSE
	EndGlobalSection
	GlobalSection(NestedProjects) = preSolution
		{726EC1F8-3E62-4BA3-B362-823C692AA2A2} = {E596DCFC-0A27-47AA-9FAA-44C06BEC7382}
		{A0D7C8F1-F807-4D00-BC5D-0A9E819E003C} = {E596DCFC-0A27-47AA-9FAA-44C06BEC7382}
	EndGlobalSection
EndGlobal
